
Microsoft Visual Studio Solution File, Format Version 12.00
# Visual Studio Version 17
VisualStudioVersion = 17.7.34221.43
MinimumVisualStudioVersion = 10.0.40219.1
Project("{FAE04EC0-301F-11D3-BF4B-00C04F79EFBC}") = "Presentation", "WindowsFormsApp1\Presentation.csproj", "{77A83E52-7789-4673-9413-5663A16DB3B7}"
EndProject
Project("{FAE04EC0-301F-11D3-BF4B-00C04F79EFBC}") = "MvcApplication", "MvcApplication\MvcApplication.csproj", "{869C2731-83C7-4FBA-98B9-D52719565E5E}"
EndProject
Project("{FAE04EC0-301F-11D3-BF4B-00C04F79EFBC}") = "DataLibrary", "DataLibrary\DataLibrary.csproj", "{F5F61DDD-A351-4549-B1AC-0E0D0CF05F54}"
EndProject
Project("{FAE04EC0-301F-11D3-BF4B-00C04F79EFBC}") = "Controller", "Controller\Controller.csproj", "{376397C2-49D6-489E-A8C5-A164C3A01CE9}"
EndProject
Global
	GlobalSection(SolutionConfigurationPlatforms) = preSolution
		Debug|Any CPU = Debug|Any CPU
		Release|Any CPU = Release|Any CPU
	EndGlobalSection
	GlobalSection(ProjectConfigurationPlatforms) = postSolution
		{77A83E52-7789-4673-9413-5663A16DB3B7}.Debug|Any CPU.ActiveCfg = Debug|Any CPU
		{77A83E52-7789-4673-9413-5663A16DB3B7}.Debug|Any CPU.Build.0 = Debug|Any CPU
		{77A83E52-7789-4673-9413-5663A16DB3B7}.Release|Any CPU.ActiveCfg = Release|Any CPU
		{77A83E52-7789-4673-9413-5663A16DB3B7}.Release|Any CPU.Build.0 = Release|Any CPU
		{869C2731-83C7-4FBA-98B9-D52719565E5E}.Debug|Any CPU.ActiveCfg = Debug|Any CPU
		{869C2731-83C7-4FBA-98B9-D52719565E5E}.Debug|Any CPU.Build.0 = Debug|Any CPU
		{869C2731-83C7-4FBA-98B9-D52719565E5E}.Release|Any CPU.ActiveCfg = Release|Any CPU
		{869C2731-83C7-4FBA-98B9-D52719565E5E}.Release|Any CPU.Build.0 = Release|Any CPU
		{F5F61DDD-A351-4549-B1AC-0E0D0CF05F54}.Debug|Any CPU.ActiveCfg = Debug|Any CPU
		{F5F61DDD-A351-4549-B1AC-0E0D0CF05F54}.Debug|Any CPU.Build.0 = Debug|Any CPU
		{F5F61DDD-A351-4549-B1AC-0E0D0CF05F54}.Release|Any CPU.ActiveCfg = Release|Any CPU
		{F5F61DDD-A351-4549-B1AC-0E0D0CF05F54}.Release|Any CPU.Build.0 = Release|Any CPU
		{376397C2-49D6-489E-A8C5-A164C3A01CE9}.Debug|Any CPU.ActiveCfg = Debug|Any CPU
		{376397C2-49D6-489E-A8C5-A164C3A01CE9}.Debug|Any CPU.Build.0 = Debug|Any CPU
		{376397C2-49D6-489E-A8C5-A164C3A01CE9}.Release|Any CPU.ActiveCfg = Release|Any CPU
		{376397C2-49D6-489E-A8C5-A164C3A01CE9}.Release|Any CPU.Build.0 = Release|Any CPU
	EndGlobalSection
	GlobalSection(SolutionProperties) = preSolution
		HideSolutionNode = FALSE
	EndGlobalSection
	GlobalSection(ExtensibilityGlobals) = postSolution
		SolutionGuid = {9DD6A0F3-F60C-4F84-9A9A-D66C514F36F7}
	EndGlobalSection
EndGlobal
